// !$*UTF8*$!
{
	archiveVersion = 1;
	classes = {
	};
	objectVersion = 56;
	objects = {

/* Begin PBXBuildFile section */
		5710441A2ABD12FF000B4228 /* assignement4App.swift in Sources */ = {isa = PBXBuildFile; fileRef = 571044192ABD12FF000B4228 /* assignement4App.swift */; };
		5710441C2ABD1300000B4228 /* ContentView.swift in Sources */ = {isa = PBXBuildFile; fileRef = 5710441B2ABD12FF000B4228 /* ContentView.swift */; };
		5710441E2ABD1302000B4228 /* Assets.xcassets in Resources */ = {isa = PBXBuildFile; fileRef = 5710441D2ABD1302000B4228 /* Assets.xcassets */; };
		571044222ABD1302000B4228 /* Preview Assets.xcassets in Resources */ = {isa = PBXBuildFile; fileRef = 571044212ABD1302000B4228 /* Preview Assets.xcassets */; };
		5710442C2ABD1302000B4228 /* assignement4Tests.swift in Sources */ = {isa = PBXBuildFile; fileRef = 5710442B2ABD1302000B4228 /* assignement4Tests.swift */; };
		571044362ABD1302000B4228 /* assignement4UITests.swift in Sources */ = {isa = PBXBuildFile; fileRef = 571044352ABD1302000B4228 /* assignement4UITests.swift */; };
		571044382ABD1302000B4228 /* assignement4UITestsLaunchTests.swift in Sources */ = {isa = PBXBuildFile; fileRef = 571044372ABD1302000B4228 /* assignement4UITestsLaunchTests.swift */; };
		571044452ABD14F0000B4228 /* DetailedCatView.swift in Sources */ = {isa = PBXBuildFile; fileRef = 571044442ABD14F0000B4228 /* DetailedCatView.swift */; };
/* End PBXBuildFile section */

/* Begin PBXContainerItemProxy section */
		571044282ABD1302000B4228 /* PBXContainerItemProxy */ = {
			isa = PBXContainerItemProxy;
			containerPortal = 5710440E2ABD12FF000B4228 /* Project object */;
			proxyType = 1;
			remoteGlobalIDString = 571044152ABD12FF000B4228;
			remoteInfo = assignement4;
		};
		571044322ABD1302000B4228 /* PBXContainerItemProxy */ = {
			isa = PBXContainerItemProxy;
			containerPortal = 5710440E2ABD12FF000B4228 /* Project object */;
			proxyType = 1;
			remoteGlobalIDString = 571044152ABD12FF000B4228;
			remoteInfo = assignement4;
		};
/* End PBXContainerItemProxy section */

/* Begin PBXFileReference section */
		571044162ABD12FF000B4228 /* assignement4.app */ = {isa = PBXFileReference; explicitFileType = wrapper.application; includeInIndex = 0; path = assignement4.app; sourceTree = BUILT_PRODUCTS_DIR; };
		571044192ABD12FF000B4228 /* assignement4App.swift */ = {isa = PBXFileReference; lastKnownFileType = sourcecode.swift; path = assignement4App.swift; sourceTree = "<group>"; };
		5710441B2ABD12FF000B4228 /* ContentView.swift */ = {isa = PBXFileReference; lastKnownFileType = sourcecode.swift; path = ContentView.swift; sourceTree = "<group>"; };
		5710441D2ABD1302000B4228 /* Assets.xcassets */ = {isa = PBXFileReference; lastKnownFileType = folder.assetcatalog; path = Assets.xcassets; sourceTree = "<group>"; };
		5710441F2ABD1302000B4228 /* assignement4.entitlements */ = {isa = PBXFileReference; lastKnownFileType = text.plist.entitlements; path = assignement4.entitlements; sourceTree = "<group>"; };
		571044212ABD1302000B4228 /* Preview Assets.xcassets */ = {isa = PBXFileReference; lastKnownFileType = folder.assetcatalog; path = "Preview Assets.xcassets"; sourceTree = "<group>"; };
		571044272ABD1302000B4228 /* assignement4Tests.xctest */ = {isa = PBXFileReference; explicitFileType = wrapper.cfbundle; includeInIndex = 0; path = assignement4Tests.xctest; sourceTree = BUILT_PRODUCTS_DIR; };
		5710442B2ABD1302000B4228 /* assignement4Tests.swift */ = {isa = PBXFileReference; lastKnownFileType = sourcecode.swift; path = assignement4Tests.swift; sourceTree = "<group>"; };
		571044312ABD1302000B4228 /* assignement4UITests.xctest */ = {isa = PBXFileReference; explicitFileType = wrapper.cfbundle; includeInIndex = 0; path = assignement4UITests.xctest; sourceTree = BUILT_PRODUCTS_DIR; };
		571044352ABD1302000B4228 /* assignement4UITests.swift */ = {isa = PBXFileReference; lastKnownFileType = sourcecode.swift; path = assignement4UITests.swift; sourceTree = "<group>"; };
		571044372ABD1302000B4228 /* assignement4UITestsLaunchTests.swift */ = {isa = PBXFileReference; lastKnownFileType = sourcecode.swift; path = assignement4UITestsLaunchTests.swift; sourceTree = "<group>"; };
		571044442ABD14F0000B4228 /* DetailedCatView.swift */ = {isa = PBXFileReference; lastKnownFileType = sourcecode.swift; path = DetailedCatView.swift; sourceTree = "<group>"; };
/* End PBXFileReference section */

/* Begin PBXFrameworksBuildPhase section */
		571044132ABD12FF000B4228 /* Frameworks */ = {
			isa = PBXFrameworksBuildPhase;
			buildActionMask = 2147483647;
			files = (
			);
			runOnlyForDeploymentPostprocessing = 0;
		};
		571044242ABD1302000B4228 /* Frameworks */ = {
			isa = PBXFrameworksBuildPhase;
			buildActionMask = 2147483647;
			files = (
			);
			runOnlyForDeploymentPostprocessing = 0;
		};
		5710442E2ABD1302000B4228 /* Frameworks */ = {
			isa = PBXFrameworksBuildPhase;
			buildActionMask = 2147483647;
			files = (
			);
			runOnlyForDeploymentPostprocessing = 0;
		};
/* End PBXFrameworksBuildPhase section */

/* Begin PBXGroup section */
		5710440D2ABD12FF000B4228 = {
			isa = PBXGroup;
			children = (
				571044182ABD12FF000B4228 /* assignement4 */,
				5710442A2ABD1302000B4228 /* assignement4Tests */,
				571044342ABD1302000B4228 /* assignement4UITests */,
				571044172ABD12FF000B4228 /* Products */,
			);
			sourceTree = "<group>";
		};
		571044172ABD12FF000B4228 /* Products */ = {
			isa = PBXGroup;
			children = (
				571044162ABD12FF000B4228 /* assignement4.app */,
				571044272ABD1302000B4228 /* assignement4Tests.xctest */,
				571044312ABD1302000B4228 /* assignement4UITests.xctest */,
			);
			name = Products;
			sourceTree = "<group>";
		};
		571044182ABD12FF000B4228 /* assignement4 */ = {
			isa = PBXGroup;
			children = (
				571044192ABD12FF000B4228 /* assignement4App.swift */,
				5710441B2ABD12FF000B4228 /* ContentView.swift */,
				571044442ABD14F0000B4228 /* DetailedCatView.swift */,
				5710441D2ABD1302000B4228 /* Assets.xcassets */,
				5710441F2ABD1302000B4228 /* assignement4.entitlements */,
				571044202ABD1302000B4228 /* Preview Content */,
			);
			path = assignement4;
			sourceTree = "<group>";
		};
		571044202ABD1302000B4228 /* Preview Content */ = {
			isa = PBXGroup;
			children = (
				571044212ABD1302000B4228 /* Preview Assets.xcassets */,
			);
			path = "Preview Content";
			sourceTree = "<group>";
		};
		5710442A2ABD1302000B4228 /* assignement4Tests */ = {
			isa = PBXGroup;
			children = (
				5710442B2ABD1302000B4228 /* assignement4Tests.swift */,
			);
			path = assignement4Tests;
			sourceTree = "<group>";
		};
		571044342ABD1302000B4228 /* assignement4UITests */ = {
			isa = PBXGroup;
			children = (
				571044352ABD1302000B4228 /* assignement4UITests.swift */,
				571044372ABD1302000B4228 /* assignement4UITestsLaunchTests.swift */,
			);
			path = assignement4UITests;
			sourceTree = "<group>";
		};
/* End PBXGroup section */

/* Begin PBXNativeTarget section */
		571044152ABD12FF000B4228 /* assignement4 */ = {
			isa = PBXNativeTarget;
			buildConfigurationList = 5710443B2ABD1302000B4228 /* Build configuration list for PBXNativeTarget "assignement4" */;
			buildPhases = (
				571044122ABD12FF000B4228 /* Sources */,
				571044132ABD12FF000B4228 /* Frameworks */,
				571044142ABD12FF000B4228 /* Resources */,
			);
			buildRules = (
			);
			dependencies = (
			);
			name = assignement4;
			productName = assignement4;
			productReference = 571044162ABD12FF000B4228 /* assignement4.app */;
			productType = "com.apple.product-type.application";
		};
		571044262ABD1302000B4228 /* assignement4Tests */ = {
			isa = PBXNativeTarget;
			buildConfigurationList = 5710443E2ABD1302000B4228 /* Build configuration list for PBXNativeTarget "assignement4Tests" */;
			buildPhases = (
				571044232ABD1302000B4228 /* Sources */,
				571044242ABD1302000B4228 /* Frameworks */,
				571044252ABD1302000B4228 /* Resources */,
			);
			buildRules = (
			);
			dependencies = (
				571044292ABD1302000B4228 /* PBXTargetDependency */,
			);
			name = assignement4Tests;
			productName = assignement4Tests;
			productReference = 571044272ABD1302000B4228 /* assignement4Tests.xctest */;
			productType = "com.apple.product-type.bundle.unit-test";
		};
		571044302ABD1302000B4228 /* assignement4UITests */ = {
			isa = PBXNativeTarget;
			buildConfigurationList = 571044412ABD1302000B4228 /* Build configuration list for PBXNativeTarget "assignement4UITests" */;
			buildPhases = (
				5710442D2ABD1302000B4228 /* Sources */,
				5710442E2ABD1302000B4228 /* Frameworks */,
				5710442F2ABD1302000B4228 /* Resources */,
			);
			buildRules = (
			);
			dependencies = (
				571044332ABD1302000B4228 /* PBXTargetDependency */,
			);
			name = assignement4UITests;
			productName = assignement4UITests;
			productReference = 571044312ABD1302000B4228 /* assignement4UITests.xctest */;
			productType = "com.apple.product-type.bundle.ui-testing";
		};
/* End PBXNativeTarget section */

/* Begin PBXProject section */
		5710440E2ABD12FF000B4228 /* Project object */ = {
			isa = PBXProject;
			attributes = {
				BuildIndependentTargetsInParallel = 1;
				LastSwiftUpdateCheck = 1430;
				LastUpgradeCheck = 1430;
				TargetAttributes = {
					571044152ABD12FF000B4228 = {
						CreatedOnToolsVersion = 14.3.1;
					};
					571044262ABD1302000B4228 = {
						CreatedOnToolsVersion = 14.3.1;
						TestTargetID = 571044152ABD12FF000B4228;
					};
					571044302ABD1302000B4228 = {
						CreatedOnToolsVersion = 14.3.1;
						TestTargetID = 571044152ABD12FF000B4228;
					};
				};
			};
			buildConfigurationList = 571044112ABD12FF000B4228 /* Build configuration list for PBXProject "assignement4" */;
			compatibilityVersion = "Xcode 14.0";
			developmentRegion = en;
			hasScannedForEncodings = 0;
			knownRegions = (
				en,
				Base,
			);
			mainGroup = 5710440D2ABD12FF000B4228;
			productRefGroup = 571044172ABD12FF000B4228 /* Products */;
			projectDirPath = "";
			projectRoot = "";
			targets = (
				571044152ABD12FF000B4228 /* assignement4 */,
				571044262ABD1302000B4228 /* assignement4Tests */,
				571044302ABD1302000B4228 /* assignement4UITests */,
			);
		};
/* End PBXProject section */

/* Begin PBXResourcesBuildPhase section */
		571044142ABD12FF000B4228 /* Resources */ = {
			isa = PBXResourcesBuildPhase;
			buildActionMask = 2147483647;
			files = (
				571044222ABD1302000B4228 /* Preview Assets.xcassets in Resources */,
				5710441E2ABD1302000B4228 /* Assets.xcassets in Resources */,
			);
			runOnlyForDeploymentPostprocessing = 0;
		};
		571044252ABD1302000B4228 /* Resources */ = {
			isa = PBXResourcesBuildPhase;
			buildActionMask = 2147483647;
			files = (
			);
			runOnlyForDeploymentPostprocessing = 0;
		};
		5710442F2ABD1302000B4228 /* Resources */ = {
			isa = PBXResourcesBuildPhase;
			buildActionMask = 2147483647;
			files = (
			);
			runOnlyForDeploymentPostprocessing = 0;
		};
/* End PBXResourcesBuildPhase section */

/* Begin PBXSourcesBuildPhase section */
		571044122ABD12FF000B4228 /* Sources */ = {
			isa = PBXSourcesBuildPhase;
			buildActionMask = 2147483647;
			files = (
				571044452ABD14F0000B4228 /* DetailedCatView.swift in Sources */,
				5710441C2ABD1300000B4228 /* ContentView.swift in Sources */,
				5710441A2ABD12FF000B4228 /* assignement4App.swift in Sources */,
			);
			runOnlyForDeploymentPostprocessing = 0;
		};
		571044232ABD1302000B4228 /* Sources */ = {
			isa = PBXSourcesBuildPhase;
			buildActionMask = 2147483647;
			files = (
				5710442C2ABD1302000B4228 /* assignement4Tests.swift in Sources */,
			);
			runOnlyForDeploymentPostprocessing = 0;
		};
		5710442D2ABD1302000B4228 /* Sources */ = {
			isa = PBXSourcesBuildPhase;
			buildActionMask = 2147483647;
			files = (
				571044382ABD1302000B4228 /* assignement4UITestsLaunchTests.swift in Sources */,
				571044362ABD1302000B4228 /* assignement4UITests.swift in Sources */,
			);
			runOnlyForDeploymentPostprocessing = 0;
		};
/* End PBXSourcesBuildPhase section */

/* Begin PBXTargetDependency section */
		571044292ABD1302000B4228 /* PBXTargetDependency */ = {
			isa = PBXTargetDependency;
			target = 571044152ABD12FF000B4228 /* assignement4 */;
			targetProxy = 571044282ABD1302000B4228 /* PBXContainerItemProxy */;
		};
		571044332ABD1302000B4228 /* PBXTargetDependency */ = {
			isa = PBXTargetDependency;
			target = 571044152ABD12FF000B4228 /* assignement4 */;
			targetProxy = 571044322ABD1302000B4228 /* PBXContainerItemProxy */;
		};
/* End PBXTargetDependency section */

/* Begin XCBuildConfiguration section */
		571044392ABD1302000B4228 /* Debug */ = {
			isa = XCBuildConfiguration;
			buildSettings = {
				ALWAYS_SEARCH_USER_PATHS = NO;
				CLANG_ANALYZER_NONNULL = YES;
				CLANG_ANALYZER_NUMBER_OBJECT_CONVERSION = YES_AGGRESSIVE;
				CLANG_CXX_LANGUAGE_STANDARD = "gnu++20";
				CLANG_ENABLE_MODULES = YES;
				CLANG_ENABLE_OBJC_ARC = YES;
				CLANG_ENABLE_OBJC_WEAK = YES;
				CLANG_WARN_BLOCK_CAPTURE_AUTORELEASING = YES;
				CLANG_WARN_BOOL_CONVERSION = YES;
				CLANG_WARN_COMMA = YES;
				CLANG_WARN_CONSTANT_CONVERSION = YES;
				CLANG_WARN_DEPRECATED_OBJC_IMPLEMENTATIONS = YES;
				CLANG_WARN_DIRECT_OBJC_ISA_USAGE = YES_ERROR;
				CLANG_WARN_DOCUMENTATION_COMMENTS = YES;
				CLANG_WARN_EMPTY_BODY = YES;
				CLANG_WARN_ENUM_CONVERSION = YES;
				CLANG_WARN_INFINITE_RECURSION = YES;
				CLANG_WARN_INT_CONVERSION = YES;
				CLANG_WARN_NON_LITERAL_NULL_CONVERSION = YES;
				CLANG_WARN_OBJC_IMPLICIT_RETAIN_SELF = YES;
				CLANG_WARN_OBJC_LITERAL_CONVERSION = YES;
				CLANG_WARN_OBJC_ROOT_CLASS = YES_ERROR;
				CLANG_WARN_QUOTED_INCLUDE_IN_FRAMEWORK_HEADER = YES;
				CLANG_WARN_RANGE_LOOP_ANALYSIS = YES;
				CLANG_WARN_STRICT_PROTOTYPES = YES;
				CLANG_WARN_SUSPICIOUS_MOVE = YES;
				CLANG_WARN_UNGUARDED_AVAILABILITY = YES_AGGRESSIVE;
				CLANG_WARN_UNREACHABLE_CODE = YES;
				CLANG_WARN__DUPLICATE_METHOD_MATCH = YES;
				COPY_PHASE_STRIP = NO;
				DEBUG_INFORMATION_FORMAT = dwarf;
				ENABLE_STRICT_OBJC_MSGSEND = YES;
				ENABLE_TESTABILITY = YES;
				GCC_C_LANGUAGE_STANDARD = gnu11;
				GCC_DYNAMIC_NO_PIC = NO;
				GCC_NO_COMMON_BLOCKS = YES;
				GCC_OPTIMIZATION_LEVEL = 0;
				GCC_PREPROCESSOR_DEFINITIONS = (
					"DEBUG=1",
					"$(inherited)",
				);
				GCC_WARN_64_TO_32_BIT_CONVERSION = YES;
				GCC_WARN_ABOUT_RETURN_TYPE = YES_ERROR;
				GCC_WARN_UNDECLARED_SELECTOR = YES;
				GCC_WARN_UNINITIALIZED_AUTOS = YES_AGGRESSIVE;
				GCC_WARN_UNUSED_FUNCTION = YES;
				GCC_WARN_UNUSED_VARIABLE = YES;
				MTL_ENABLE_DEBUG_INFO = INCLUDE_SOURCE;
				MTL_FAST_MATH = YES;
				ONLY_ACTIVE_ARCH = YES;
				SWIFT_ACTIVE_COMPILATION_CONDITIONS = DEBUG;
				SWIFT_OPTIMIZATION_LEVEL = "-Onone";
			};
			name = Debug;
		};
		5710443A2ABD1302000B4228 /* Release */ = {
			isa = XCBuildConfiguration;
			buildSettings = {
				ALWAYS_SEARCH_USER_PATHS = NO;
				CLANG_ANALYZER_NONNULL = YES;
				CLANG_ANALYZER_NUMBER_OBJECT_CONVERSION = YES_AGGRESSIVE;
				CLANG_CXX_LANGUAGE_STANDARD = "gnu++20";
				CLANG_ENABLE_MODULES = YES;
				CLANG_ENABLE_OBJC_ARC = YES;
				CLANG_ENABLE_OBJC_WEAK = YES;
				CLANG_WARN_BLOCK_CAPTURE_AUTORELEASING = YES;
				CLANG_WARN_BOOL_CONVERSION = YES;
				CLANG_WARN_COMMA = YES;
				CLANG_WARN_CONSTANT_CONVERSION = YES;
				CLANG_WARN_DEPRECATED_OBJC_IMPLEMENTATIONS = YES;
				CLANG_WARN_DIRECT_OBJC_ISA_USAGE = YES_ERROR;
				CLANG_WARN_DOCUMENTATION_COMMENTS = YES;
				CLANG_WARN_EMPTY_BODY = YES;
				CLANG_WARN_ENUM_CONVERSION = YES;
				CLANG_WARN_INFINITE_RECURSION = YES;
				CLANG_WARN_INT_CONVERSION = YES;
				CLANG_WARN_NON_LITERAL_NULL_CONVERSION = YES;
				CLANG_WARN_OBJC_IMPLICIT_RETAIN_SELF = YES;
				CLANG_WARN_OBJC_LITERAL_CONVERSION = YES;
				CLANG_WARN_OBJC_ROOT_CLASS = YES_ERROR;
				CLANG_WARN_QUOTED_INCLUDE_IN_FRAMEWORK_HEADER = YES;
				CLANG_WARN_RANGE_LOOP_ANALYSIS = YES;
				CLANG_WARN_STRICT_PROTOTYPES = YES;
				CLANG_WARN_SUSPICIOUS_MOVE = YES;
				CLANG_WARN_UNGUARDED_AVAILABILITY = YES_AGGRESSIVE;
				CLANG_WARN_UNREACHABLE_CODE = YES;
				CLANG_WARN__DUPLICATE_METHOD_MATCH = YES;
				COPY_PHASE_STRIP = NO;
				DEBUG_INFORMATION_FORMAT = "dwarf-with-dsym";
				ENABLE_NS_ASSERTIONS = NO;
				ENABLE_STRICT_OBJC_MSGSEND = YES;
				GCC_C_LANGUAGE_STANDARD = gnu11;
				GCC_NO_COMMON_BLOCKS = YES;
				GCC_WARN_64_TO_32_BIT_CONVERSION = YES;
				GCC_WARN_ABOUT_RETURN_TYPE = YES_ERROR;
				GCC_WARN_UNDECLARED_SELECTOR = YES;
				GCC_WARN_UNINITIALIZED_AUTOS = YES_AGGRESSIVE;
				GCC_WARN_UNUSED_FUNCTION = YES;
				GCC_WARN_UNUSED_VARIABLE = YES;
				MTL_ENABLE_DEBUG_INFO = NO;
				MTL_FAST_MATH = YES;
				SWIFT_COMPILATION_MODE = wholemodule;
				SWIFT_OPTIMIZATION_LEVEL = "-O";
			};
			name = Release;
		};
		5710443C2ABD1302000B4228 /* Debug */ = {
			isa = XCBuildConfiguration;
			buildSettings = {
				ASSETCATALOG_COMPILER_APPICON_NAME = AppIcon;
				ASSETCATALOG_COMPILER_GLOBAL_ACCENT_COLOR_NAME = AccentColor;
				CODE_SIGN_ENTITLEMENTS = assignement4/assignement4.entitlements;
				CODE_SIGN_STYLE = Automatic;
				CURRENT_PROJECT_VERSION = 1;
				DEVELOPMENT_ASSET_PATHS = "\"assignement4/Preview Content\"";
				ENABLE_PREVIEWS = YES;
				GENERATE_INFOPLIST_FILE = YES;
				"INFOPLIST_KEY_UIApplicationSceneManifest_Generation[sdk=iphoneos*]" = YES;
				"INFOPLIST_KEY_UIApplicationSceneManifest_Generation[sdk=iphonesimulator*]" = YES;
				"INFOPLIST_KEY_UIApplicationSupportsIndirectInputEvents[sdk=iphoneos*]" = YES;
				"INFOPLIST_KEY_UIApplicationSupportsIndirectInputEvents[sdk=iphonesimulator*]" = YES;
				"INFOPLIST_KEY_UILaunchScreen_Generation[sdk=iphoneos*]" = YES;
				"INFOPLIST_KEY_UILaunchScreen_Generation[sdk=iphonesimulator*]" = YES;
				"INFOPLIST_KEY_UIStatusBarStyle[sdk=iphoneos*]" = UIStatusBarStyleDefault;
				"INFOPLIST_KEY_UIStatusBarStyle[sdk=iphonesimulator*]" = UIStatusBarStyleDefault;
				INFOPLIST_KEY_UISupportedInterfaceOrientations_iPad = "UIInterfaceOrientationPortrait UIInterfaceOrientationPortraitUpsideDown UIInterfaceOrientationLandscapeLeft UIInterfaceOrientationLandscapeRight";
				INFOPLIST_KEY_UISupportedInterfaceOrientations_iPhone = "UIInterfaceOrientationPortrait UIInterfaceOrientationLandscapeLeft UIInterfaceOrientationLandscapeRight";
				IPHONEOS_DEPLOYMENT_TARGET = 16.4;
				LD_RUNPATH_SEARCH_PATHS = "@executable_path/Frameworks";
				"LD_RUNPATH_SEARCH_PATHS[sdk=macosx*]" = "@executable_path/../Frameworks";
				MACOSX_DEPLOYMENT_TARGET = 13.3;
				MARKETING_VERSION = 1.0;
				PRODUCT_BUNDLE_IDENTIFIER = Practice.assignement4;
				PRODUCT_NAME = "$(TARGET_NAME)";
				SDKROOT = auto;
				SUPPORTED_PLATFORMS = "iphoneos iphonesimulator macosx";
				SWIFT_EMIT_LOC_STRINGS = YES;
				SWIFT_VERSION = 5.0;
				TARGETED_DEVICE_FAMILY = "1,2";
			};
			name = Debug;
		};
		5710443D2ABD1302000B4228 /* Release */ = {
			isa = XCBuildConfiguration;
			buildSettings = {
				ASSETCATALOG_COMPILER_APPICON_NAME = AppIcon;
				ASSETCATALOG_COMPILER_GLOBAL_ACCENT_COLOR_NAME = AccentColor;
				CODE_SIGN_ENTITLEMENTS = assignement4/assignement4.entitlements;
				CODE_SIGN_STYLE = Automatic;
				CURRENT_PROJECT_VERSION = 1;
				DEVELOPMENT_ASSET_PATHS = "\"assignement4/Preview Content\"";
				ENABLE_PREVIEWS = YES;
				GENERATE_INFOPLIST_FILE = YES;
				"INFOPLIST_KEY_UIApplicationSceneManifest_Generation[sdk=iphoneos*]" = YES;
				"INFOPLIST_KEY_UIApplicationSceneManifest_Generation[sdk=iphonesimulator*]" = YES;
				"INFOPLIST_KEY_UIApplicationSupportsIndirectInputEvents[sdk=iphoneos*]" = YES;
				"INFOPLIST_KEY_UIApplicationSupportsIndirectInputEvents[sdk=iphonesimulator*]" = YES;
				"INFOPLIST_KEY_UILaunchScreen_Generation[sdk=iphoneos*]" = YES;
				"INFOPLIST_KEY_UILaunchScreen_Generation[sdk=iphonesimulator*]" = YES;
				"INFOPLIST_KEY_UIStatusBarStyle[sdk=iphoneos*]" = UIStatusBarStyleDefault;
				"INFOPLIST_KEY_UIStatusBarStyle[sdk=iphonesimulator*]" = UIStatusBarStyleDefault;
				INFOPLIST_KEY_UISupportedInterfaceOrientations_iPad = "UIInterfaceOrientationPortrait UIInterfaceOrientationPortraitUpsideDown UIInterfaceOrientationLandscapeLeft UIInterfaceOrientationLandscapeRight";
				INFOPLIST_KEY_UISupportedInterfaceOrientations_iPhone = "UIInterfaceOrientationPortrait UIInterfaceOrientationLandscapeLeft UIInterfaceOrientationLandscapeRight";
				IPHONEOS_DEPLOYMENT_TARGET = 16.4;
				LD_RUNPATH_SEARCH_PATHS = "@executable_path/Frameworks";
				"LD_RUNPATH_SEARCH_PATHS[sdk=macosx*]" = "@executable_path/../Frameworks";
				MACOSX_DEPLOYMENT_TARGET = 13.3;
				MARKETING_VERSION = 1.0;
				PRODUCT_BUNDLE_IDENTIFIER = Practice.assignement4;
				PRODUCT_NAME = "$(TARGET_NAME)";
				SDKROOT = auto;
				SUPPORTED_PLATFORMS = "iphoneos iphonesimulator macosx";
				SWIFT_EMIT_LOC_STRINGS = YES;
				SWIFT_VERSION = 5.0;
				TARGETED_DEVICE_FAMILY = "1,2";
			};
			name = Release;
		};
		5710443F2ABD1302000B4228 /* Debug */ = {
			isa = XCBuildConfiguration;
			buildSettings = {
				ALWAYS_EMBED_SWIFT_STANDARD_LIBRARIES = YES;
				BUNDLE_LOADER = "$(TEST_HOST)";
				CODE_SIGN_STYLE = Automatic;
				CURRENT_PROJECT_VERSION = 1;
				GENERATE_INFOPLIST_FILE = YES;
				IPHONEOS_DEPLOYMENT_TARGET = 16.4;
				MACOSX_DEPLOYMENT_TARGET = 13.3;
				MARKETING_VERSION = 1.0;
				PRODUCT_BUNDLE_IDENTIFIER = Practice.assignement4Tests;
				PRODUCT_NAME = "$(TARGET_NAME)";
				SDKROOT = auto;
				SUPPORTED_PLATFORMS = "iphoneos iphonesimulator macosx";
				SWIFT_EMIT_LOC_STRINGS = NO;
				SWIFT_VERSION = 5.0;
				TARGETED_DEVICE_FAMILY = "1,2";
				TEST_HOST = "$(BUILT_PRODUCTS_DIR)/assignement4.app/$(BUNDLE_EXECUTABLE_FOLDER_PATH)/assignement4";
			};
			name = Debug;
		};
		571044402ABD1302000B4228 /* Release */ = {
			isa = XCBuildConfiguration;
			buildSettings = {
				ALWAYS_EMBED_SWIFT_STANDARD_LIBRARIES = YES;
				BUNDLE_LOADER = "$(TEST_HOST)";
				CODE_SIGN_STYLE = Automatic;
				CURRENT_PROJECT_VERSION = 1;
				GENERATE_INFOPLIST_FILE = YES;
				IPHONEOS_DEPLOYMENT_TARGET = 16.4;
				MACOSX_DEPLOYMENT_TARGET = 13.3;
				MARKETING_VERSION = 1.0;
				PRODUCT_BUNDLE_IDENTIFIER = Practice.assignement4Tests;
				PRODUCT_NAME = "$(TARGET_NAME)";
				SDKROOT = auto;
				SUPPORTED_PLATFORMS = "iphoneos iphonesimulator macosx";
				SWIFT_EMIT_LOC_STRINGS = NO;
				SWIFT_VERSION = 5.0;
				TARGETED_DEVICE_FAMILY = "1,2";
				TEST_HOST = "$(BUILT_PRODUCTS_DIR)/assignement4.app/$(BUNDLE_EXECUTABLE_FOLDER_PATH)/assignement4";
			};
			name = Release;
		};
		571044422ABD1302000B4228 /* Debug */ = {
			isa = XCBuildConfiguration;
			buildSettings = {
				ALWAYS_EMBED_SWIFT_STANDARD_LIBRARIES = YES;
				CODE_SIGN_STYLE = Automatic;
				CURRENT_PROJECT_VERSION = 1;
				GENERATE_INFOPLIST_FILE = YES;
				IPHONEOS_DEPLOYMENT_TARGET = 16.4;
				MACOSX_DEPLOYMENT_TARGET = 13.3;
				MARKETING_VERSION = 1.0;
				PRODUCT_BUNDLE_IDENTIFIER = Practice.assignement4UITests;
				PRODUCT_NAME = "$(TARGET_NAME)";
				SDKROOT = auto;
				SUPPORTED_PLATFORMS = "iphoneos iphonesimulator macosx";
				SWIFT_EMIT_LOC_STRINGS = NO;
				SWIFT_VERSION = 5.0;
				TARGETED_DEVICE_FAMILY = "1,2";
				TEST_TARGET_NAME = assignement4;
			};
			name = Debug;
		};
		571044432ABD1302000B4228 /* Release */ = {
			isa = XCBuildConfiguration;
			buildSettings = {
				ALWAYS_EMBED_SWIFT_STANDARD_LIBRARIES = YES;
				CODE_SIGN_STYLE = Automatic;
				CURRENT_PROJECT_VERSION = 1;
				GENERATE_INFOPLIST_FILE = YES;
				IPHONEOS_DEPLOYMENT_TARGET = 16.4;
				MACOSX_DEPLOYMENT_TARGET = 13.3;
				MARKETING_VERSION = 1.0;
				PRODUCT_BUNDLE_IDENTIFIER = Practice.assignement4UITests;
				PRODUCT_NAME = "$(TARGET_NAME)";
				SDKROOT = auto;
				SUPPORTED_PLATFORMS = "iphoneos iphonesimulator macosx";
				SWIFT_EMIT_LOC_STRINGS = NO;
				SWIFT_VERSION = 5.0;
				TARGETED_DEVICE_FAMILY = "1,2";
				TEST_TARGET_NAME = assignement4;
			};
			name = Release;
		};
/* End XCBuildConfiguration section */

/* Begin XCConfigurationList section */
		571044112ABD12FF000B4228 /* Build configuration list for PBXProject "assignement4" */ = {
			isa = XCConfigurationList;
			buildConfigurations = (
				571044392ABD1302000B4228 /* Debug */,
				5710443A2ABD1302000B4228 /* Release */,
			);
			defaultConfigurationIsVisible = 0;
			defaultConfigurationName = Release;
		};
		5710443B2ABD1302000B4228 /* Build configuration list for PBXNativeTarget "assignement4" */ = {
			isa = XCConfigurationList;
			buildConfigurations = (
				5710443C2ABD1302000B4228 /* Debug */,
				5710443D2ABD1302000B4228 /* Release */,
			);
			defaultConfigurationIsVisible = 0;
			defaultConfigurationName = Release;
		};
		5710443E2ABD1302000B4228 /* Build configuration list for PBXNativeTarget "assignement4Tests" */ = {
			isa = XCConfigurationList;
			buildConfigurations = (
				5710443F2ABD1302000B4228 /* Debug */,
				571044402ABD1302000B4228 /* Release */,
			);
			defaultConfigurationIsVisible = 0;
			defaultConfigurationName = Release;
		};
		571044412ABD1302000B4228 /* Build configuration list for PBXNativeTarget "assignement4UITests" */ = {
			isa = XCConfigurationList;
			buildConfigurations = (
				571044422ABD1302000B4228 /* Debug */,
				571044432ABD1302000B4228 /* Release */,
			);
			defaultConfigurationIsVisible = 0;
			defaultConfigurationName = Release;
		};
/* End XCConfigurationList section */
	};
	rootObject = 5710440E2ABD12FF000B4228 /* Project object */;
}
